
Microsoft Visual Studio Solution File, Format Version 12.00
# Visual Studio 2017
Project("{FAE04EC0-301F-11D3-BF4B-00C04F79EFBC}") = "ShootMeNow", "ShootMeNow.csproj", "{D70A037B-3E52-2F49-9B97-6BC008BA4AB7}"
EndProject
Project("{FAE04EC0-301F-11D3-BF4B-00C04F79EFBC}") = "ShootMeNow.Editor", "ShootMeNow.Editor.csproj", "{1CF73372-C7EE-D0DC-1E77-B5CD802F7856}"
EndProject
Global
	GlobalSection(SolutionConfigurationPlatforms) = preSolution
		Debug|Any CPU = Debug|Any CPU
		Release|Any CPU = Release|Any CPU
	EndGlobalSection
	GlobalSection(ProjectConfigurationPlatforms) = postSolution
		{D70A037B-3E52-2F49-9B97-6BC008BA4AB7}.Debug|Any CPU.ActiveCfg = Debug|Any CPU
		{D70A037B-3E52-2F49-9B97-6BC008BA4AB7}.Debug|Any CPU.Build.0 = Debug|Any CPU
		{D70A037B-3E52-2F49-9B97-6BC008BA4AB7}.Release|Any CPU.ActiveCfg = Release|Any CPU
		{D70A037B-3E52-2F49-9B97-6BC008BA4AB7}.Release|Any CPU.Build.0 = Release|Any CPU
		{1CF73372-C7EE-D0DC-1E77-B5CD802F7856}.Debug|Any CPU.ActiveCfg = Debug|Any CPU
		{1CF73372-C7EE-D0DC-1E77-B5CD802F7856}.Debug|Any CPU.Build.0 = Debug|Any CPU
		{1CF73372-C7EE-D0DC-1E77-B5CD802F7856}.Release|Any CPU.ActiveCfg = Release|Any CPU
		{1CF73372-C7EE-D0DC-1E77-B5CD802F7856}.Release|Any CPU.Build.0 = Release|Any CPU
	EndGlobalSection
	GlobalSection(SolutionProperties) = preSolution
		HideSolutionNode = FALSE
	EndGlobalSection
EndGlobal
